
Microsoft Visual Studio Solution File, Format Version 12.00
# Visual Studio Version 17
VisualStudioVersion = 17.9.34728.123
MinimumVisualStudioVersion = 10.0.40219.1
Project("{FAE04EC0-301F-11D3-BF4B-00C04F79EFBC}") = "Companion", "Companion.csproj", "{8E1256AF-E65D-42A9-941E-8C1D0BF1968A}"

EndProject
Global
	GlobalSection(SolutionConfigurationPlatforms) = preSolution
		Debug|Any CPU = Debug|Any CPU
		Release|Any CPU = Release|Any CPU
	EndGlobalSection
	GlobalSection(ProjectConfigurationPlatforms) = postSolution
		{8E1256AF-E65D-42A9-941E-8C1D0BF1968A}.Debug|Any CPU.ActiveCfg = Debug|Any CPU
		{8E1256AF-E65D-42A9-941E-8C1D0BF1968A}.Debug|Any CPU.Build.0 = Debug|Any CPU
		{8E1256AF-E65D-42A9-941E-8C1D0BF1968A}.Debug|Any CPU.Deploy.0 = Debug|Any CPU
		{8E1256AF-E65D-42A9-941E-8C1D0BF1968A}.Release|Any CPU.ActiveCfg = Release|Any CPU
		{8E1256AF-E65D-42A9-941E-8C1D0BF1968A}.Release|Any CPU.Build.0 = Release|Any CPU
		{8E1256AF-E65D-42A9-941E-8C1D0BF1968A}.Release|Any CPU.Deploy.0 = Release|Any CPU
	EndGlobalSection
	GlobalSection(SolutionProperties) = preSolution
		HideSolutionNode = FALSE
	EndGlobalSection
	GlobalSection(ExtensibilityGlobals) = postSolution
		SolutionGuid = {D4F83F3F-6EFD-41D1-82AD-45A4278832FB}
	EndGlobalSection
EndGlobal
